<?xml version="1.0" encoding="utf-8"?>
<Project ToolsVersion="14.0" xmlns="http://schemas.microsoft.com/developer/msbuild/2003">
  <ItemGroup>
    <ClCompile Include="G:\kcptun\kcptun-asio\ikcp.c">
      <Filter>Source Files</Filter>
    </ClCompile>
    <ClCompile Include="G:\kcptun\kcptun-asio\sess.cpp">
      <Filter>Source Files</Filter>
    </ClCompile>
    <ClCompile Include="G:\kcptun\kcptun-asio\smux.cpp">
      <Filter>Source Files</Filter>
    </ClCompile>
    <ClCompile Include="G:\kcptun\kcptun-asio\encrypt.cpp">
      <Filter>Source Files</Filter>
    </ClCompile>
    <ClCompile Include="G:\kcptun\kcptun-asio\config.cpp">
      <Filter>Source Files</Filter>
    </ClCompile>
    <ClCompile Include="G:\kcptun\kcptun-asio\snappy_stream.cpp">
      <Filter>Source Files</Filter>
    </ClCompile>
    <ClCompile Include="G:\kcptun\kcptun-asio\fec.cpp">
      <Filter>Source Files</Filter>
    </ClCompile>
    <ClCompile Include="G:\kcptun\kcptun-asio\inversion_tree.cpp">
      <Filter>Source Files</Filter>
    </ClCompile>
    <ClCompile Include="G:\kcptun\kcptun-asio\matrix.cpp">
      <Filter>Source Files</Filter>
    </ClCompile>
    <ClCompile Include="G:\kcptun\kcptun-asio\reedsolomon.cpp">
      <Filter>Source Files</Filter>
    </ClCompile>
    <ClCompile Include="G:\kcptun\kcptun-asio\async_fec.cpp">
      <Filter>Source Files</Filter>
    </ClCompile>
    <ClCompile Include="G:\kcptun\kcptun-asio\kcptun_server_main.cpp">
      <Filter>Source Files</Filter>
    </ClCompile>
    <ClCompile Include="G:\kcptun\kcptun-asio\kcptun_server.cpp">
      <Filter>Source Files</Filter>
    </ClCompile>
    <ClCompile Include="G:\kcptun\kcptun-asio\server.cpp">
      <Filter>Source Files</Filter>
    </ClCompile>
    <ClCompile Include="..\galois.cpp">
      <Filter>Source Files</Filter>
    </ClCompile>
    <ClCompile Include="..\galois_noasm.cpp">
      <Filter>Source Files</Filter>
    </ClCompile>
    <ClCompile Include="..\galois_table.c">
      <Filter>Source Files</Filter>
    </ClCompile>
  </ItemGroup>
  <ItemGroup>
    <ClInclude Include="G:\kcptun\kcptun-asio\ikcp.h">
      <Filter>Header Files</Filter>
    </ClInclude>
    <ClInclude Include="G:\kcptun\kcptun-asio\sess.h">
      <Filter>Header Files</Filter>
    </ClInclude>
    <ClInclude Include="G:\kcptun\kcptun-asio\utils.h">
      <Filter>Header Files</Filter>
    </ClInclude>
    <ClInclude Include="G:\kcptun\kcptun-asio\frame.h">
      <Filter>Header Files</Filter>
    </ClInclude>
    <ClInclude Include="G:\kcptun\kcptun-asio\smux.h">
      <Filter>Header Files</Filter>
    </ClInclude>
    <ClInclude Include="G:\kcptun\kcptun-asio\encrypt.h">
      <Filter>Header Files</Filter>
    </ClInclude>
    <ClInclude Include="G:\kcptun\kcptun-asio\config.h">
      <Filter>Header Files</Filter>
    </ClInclude>
    <ClInclude Include="G:\kcptun\kcptun-asio\snappy_stream.h">
      <Filter>Header Files</Filter>
    </ClInclude>
    <ClInclude Include="G:\kcptun\kcptun-asio\fec.h">
      <Filter>Header Files</Filter>
    </ClInclude>
    <ClInclude Include="G:\kcptun\kcptun-asio\galois.h">
      <Filter>Header Files</Filter>
    </ClInclude>
    <ClInclude Include="G:\kcptun\kcptun-asio\galois_noasm.h">
      <Filter>Header Files</Filter>
    </ClInclude>
    <ClInclude Include="G:\kcptun\kcptun-asio\inversion_tree.h">
      <Filter>Header Files</Filter>
    </ClInclude>
    <ClInclude Include="G:\kcptun\kcptun-asio\matrix.h">
      <Filter>Header Files</Filter>
    </ClInclude>
    <ClInclude Include="G:\kcptun\kcptun-asio\reedsolomon.h">
      <Filter>Header Files</Filter>
    </ClInclude>
    <ClInclude Include="G:\kcptun\kcptun-asio\async_fec.h">
      <Filter>Header Files</Filter>
    </ClInclude>
    <ClInclude Include="G:\kcptun\kcptun-asio\kcptun_server.h">
      <Filter>Header Files</Filter>
    </ClInclude>
    <ClInclude Include="G:\kcptun\kcptun-asio\server.h">
      <Filter>Header Files</Filter>
    </ClInclude>
  </ItemGroup>
  <ItemGroup>
    <Filter Include="Source Files">
      <UniqueIdentifier>{F16AD01D-F16B-3F66-B23C-A9A0F90D4399}</UniqueIdentifier>
    </Filter>
    <Filter Include="Header Files">
      <UniqueIdentifier>{AB405BB3-F718-3616-BDAB-6019051635AF}</UniqueIdentifier>
    </Filter>
  </ItemGroup>
</Project>